
Microsoft Visual Studio Solution File, Format Version 12.00
# Visual Studio Version 16
VisualStudioVersion = 16.0.30225.117
MinimumVisualStudioVersion = 10.0.40219.1
Project("{9A19103F-16F7-4668-BE54-9A1E7A4F7556}") = "DataFetch", "DataFetch.csproj", "{A342C646-E02E-4F26-814A-A567FDB751E8}"
EndProject
Global
	GlobalSection(SolutionConfigurationPlatforms) = preSolution
		Debug|Any CPU = Debug|Any CPU
		Release|Any CPU = Release|Any CPU
	EndGlobalSection
	GlobalSection(ProjectConfigurationPlatforms) = postSolution
		{A342C646-E02E-4F26-814A-A567FDB751E8}.Debug|Any CPU.ActiveCfg = Debug|Any CPU
		{A342C646-E02E-4F26-814A-A567FDB751E8}.Debug|Any CPU.Build.0 = Debug|Any CPU
		{A342C646-E02E-4F26-814A-A567FDB751E8}.Release|Any CPU.ActiveCfg = Release|Any CPU
		{A342C646-E02E-4F26-814A-A567FDB751E8}.Release|Any CPU.Build.0 = Release|Any CPU
	EndGlobalSection
	GlobalSection(SolutionProperties) = preSolution
		HideSolutionNode = FALSE
	EndGlobalSection
	GlobalSection(ExtensibilityGlobals) = postSolution
		SolutionGuid = {80B22607-5B5B-4203-A982-57118EDA9AE8}
	EndGlobalSection
EndGlobal
